
Microsoft Visual Studio Solution File, Format Version 12.00
# Visual Studio 15
VisualStudioVersion = 15.0.28307.421
MinimumVisualStudioVersion = 10.0.40219.1
Project("{FAE04EC0-301F-11D3-BF4B-00C04F79EFBC}") = "Employee", "Employee\Employee.csproj", "{0C452D6D-4226-42CD-86F5-5EF09D8CCFE0}"
EndProject
Global
	GlobalSection(SolutionConfigurationPlatforms) = preSolution
		Debug|Any CPU = Debug|Any CPU
		Release|Any CPU = Release|Any CPU
	EndGlobalSection
	GlobalSection(ProjectConfigurationPlatforms) = postSolution
		{0C452D6D-4226-42CD-86F5-5EF09D8CCFE0}.Debug|Any CPU.ActiveCfg = Debug|Any CPU
		{0C452D6D-4226-42CD-86F5-5EF09D8CCFE0}.Debug|Any CPU.Build.0 = Debug|Any CPU
		{0C452D6D-4226-42CD-86F5-5EF09D8CCFE0}.Release|Any CPU.ActiveCfg = Release|Any CPU
		{0C452D6D-4226-42CD-86F5-5EF09D8CCFE0}.Release|Any CPU.Build.0 = Release|Any CPU
	EndGlobalSection
	GlobalSection(SolutionProperties) = preSolution
		HideSolutionNode = FALSE
	EndGlobalSection
	GlobalSection(ExtensibilityGlobals) = postSolution
		SolutionGuid = {CB9FA30A-CEDA-4051-BB0B-6F21DA935338}
	EndGlobalSection
EndGlobal
